schema: '2.0'
stages:
  data_collection:
    cmd: python youtube_comment_analysis/dataset.py
    deps:
    - path: params.yaml
      hash: md5
      md5: 26934c5a5dbc991a7b235add2b683973
      size: 1081
    - path: youtube_comment_analysis/dataset.py
      hash: md5
      md5: a0cabf184da3d1bc28af0a6b185d5a8d
      size: 2170
    outs:
    - path: data/raw/primary
      hash: md5
      md5: d21a44c68afa7b9159502ef94f505b4c.dir
      size: 11713077
      nfiles: 8
    - path: data/raw/twitter_reddit_combined
      hash: md5
      md5: 03e35dff45246a17ec48be3a42106f8b.dir
      size: 28110417
      nfiles: 2
    - path: data/raw/twitter_sentiment
      hash: md5
      md5: f296a885daa79361cdc5fceb023111dd.dir
      size: 10413757
      nfiles: 2
  preprocessing:
    cmd: python youtube_comment_analysis/preprocessing.py
    deps:
    - path: data/raw/primary
      hash: md5
      md5: d21a44c68afa7b9159502ef94f505b4c.dir
      size: 11713077
      nfiles: 8
    - path: data/raw/twitter_reddit_combined
      hash: md5
      md5: 03e35dff45246a17ec48be3a42106f8b.dir
      size: 28110417
      nfiles: 2
    - path: data/raw/twitter_sentiment
      hash: md5
      md5: f296a885daa79361cdc5fceb023111dd.dir
      size: 10413757
      nfiles: 2
    - path: youtube_comment_analysis/preprocessing.py
      hash: md5
      md5: 10e1cfa1c93e4460958b27b198999820
      size: 5271
    params:
      params.yaml:
        base:
          project: youtube_comment_analysis
          random_state: 42
        columns:
          text_raw: Body
          text_processed: text_processed
          target: sentiment
          numeric_features:
          - char_count
          - word_count
          - avg_word_len
        preprocessing:
          train_test_split: 0.2
          drop_columns:
          - Post_ID
          - Post_Title
          - Comment_ID
          - Parent_ID
          - Author
          - Confidence
          - Sentiment_Score
          rename_columns:
            Score: upvotes
    outs:
    - path: data/processed/test.csv
      hash: md5
      md5: 6adb2c5f3e6e0a1fe2f354cdcf970cca
      size: 620972
    - path: data/processed/train.csv
      hash: md5
      md5: a52b079b03b5ac2082e4da735b30178d
      size: 2491601
  features:
    cmd: python youtube_comment_analysis/features.py
    deps:
    - path: data/processed/test.csv
      hash: md5
      md5: 6adb2c5f3e6e0a1fe2f354cdcf970cca
      size: 620972
    - path: data/processed/train.csv
      hash: md5
      md5: a52b079b03b5ac2082e4da735b30178d
      size: 2491601
    - path: youtube_comment_analysis/features.py
      hash: md5
      md5: dd6bc5142be4a2028f1e9bb11dd2e7af
      size: 2117
    params:
      params.yaml:
        features:
          tfidf:
            max_features: 2500
            ngram_range:
            - 1
            - 1
          scaling: robust
    outs:
    - path: data/processed/test_features.csv
      hash: md5
      md5: e7d71079de47513d46c832c1b306edba
      size: 730215
    - path: data/processed/train_features.csv
      hash: md5
      md5: 61fe84c42955fb2526843daeb299ee3d
      size: 2927999
    - path: models/scaler.pkl
      hash: md5
      md5: 78b4ee522069e4f15c9424515792bddb
      size: 847
  train:
    cmd: python youtube_comment_analysis/modeling/train.py
    deps:
    - path: data/processed/train_features.csv
      hash: md5
      md5: 61fe84c42955fb2526843daeb299ee3d
      size: 2927999
    - path: youtube_comment_analysis/modeling/train.py
      hash: md5
      md5: 6e8972f4179a8eb50991f6bb14fe1806
      size: 5486
    params:
      params.yaml:
        columns:
          text_raw: Body
          text_processed: text_processed
          target: sentiment
          numeric_features:
          - char_count
          - word_count
          - avg_word_len
        features.tfidf:
          max_features: 2500
          ngram_range:
          - 1
          - 1
        train:
          model_name: lightgbm
          params:
            n_estimators: 1000
            learning_rate: 0.03
            num_leaves: 70
            max_depth: 10
            min_child_samples: 25
            subsample: 0.8
            colsample_bytree: 0.5
            reg_alpha: 0.5
            reg_lambda: 0.5
            min_split_gain: 0.7
            random_state: 42
            n_jobs: -1
    outs:
    - path: models/model.pkl
      hash: md5
      md5: 482c75ce74a69c53fe79d47e3c5bd79f
      size: 3575212
    - path: models/tfidf.pkl
      hash: md5
      md5: d4a69b5d862778661d415c9c37d32f3e
      size: 90559
  evaluate:
    cmd: python youtube_comment_analysis/evaluate.py
    deps:
    - path: data/processed/test_features.csv
      hash: md5
      md5: e7d71079de47513d46c832c1b306edba
      size: 730215
    - path: models/model.pkl
      hash: md5
      md5: 482c75ce74a69c53fe79d47e3c5bd79f
      size: 3575212
    - path: models/tfidf.pkl
      hash: md5
      md5: d4a69b5d862778661d415c9c37d32f3e
      size: 90559
    - path: youtube_comment_analysis/evaluate.py
      hash: md5
      md5: 29f7f71f4a9325d3fb81097a951388c3
      size: 4887
    outs:
    - path: reports/figures/confusion_matrix.png
      hash: md5
      md5: e595a0af23aeebe47f7f6661a106f171
      size: 21347
    - path: reports/metrics.json
      hash: md5
      md5: cf43d1a17ee17d083063c7a17d41fe94
      size: 563
  validate_schema:
    cmd: pytest tests/test_data.py -v
    deps:
    - path: models/model.pkl
      hash: md5
      md5: 482c75ce74a69c53fe79d47e3c5bd79f
      size: 3575212
    - path: models/tfidf.pkl
      hash: md5
      md5: d4a69b5d862778661d415c9c37d32f3e
      size: 90559
    - path: tests/test_data.py
      hash: md5
      md5: 6a18bdd5fc59e8e8a4b4d8d06345c239
      size: 3072
    params:
      params.yaml:
        base.project: youtube_comment_analysis
  validate_model:
    cmd: pytest tests/test_model.py -v
    deps:
    - path: models/model.pkl
      hash: md5
      md5: 482c75ce74a69c53fe79d47e3c5bd79f
      size: 3575212
    - path: reports/metrics.json
      hash: md5
      md5: cf43d1a17ee17d083063c7a17d41fe94
      size: 563
    - path: tests/test_model.py
      hash: md5
      md5: d6a3296097e6ea533f27084bccce94bf
      size: 3409
    params:
      params.yaml:
        base.project: youtube_comment_analysis
  validate_api:
    cmd: pytest tests/test_api.py -v
    deps:
    - path: backend/app/api/endpoints/sentiment.py
      hash: md5
      md5: c72828c470e6c810d2720f8a4faa3e4c
      size: 1083
    - path: backend/app/api/endpoints/youtube.py
      hash: md5
      md5: 3071f7c7686a7d0c277ebe1a75a498df
      size: 4287
    - path: backend/app/main.py
      hash: md5
      md5: 860b7848d943416601cf804fa81746c7
      size: 937
    - path: tests/test_api.py
      hash: md5
      md5: e39d95fb791884591ba0a79261c40fb9
      size: 3730
